
Microsoft Visual Studio Solution File, Format Version 12.00
# Visual Studio 15
VisualStudioVersion = 15.0.27428.2037
MinimumVisualStudioVersion = 10.0.40219.1
Project("{9092AA53-FB77-4645-B42D-1CCCA6BD08BD}") = "node-todo-api", "node-todo-api.njsproj", "{DED189CA-7C8F-4585-ADED-FF1C41E3A135}"
EndProject
Global
	GlobalSection(SolutionConfigurationPlatforms) = preSolution
		Debug|Any CPU = Debug|Any CPU
		Release|Any CPU = Release|Any CPU
	EndGlobalSection
	GlobalSection(ProjectConfigurationPlatforms) = postSolution
		{DED189CA-7C8F-4585-ADED-FF1C41E3A135}.Debug|Any CPU.ActiveCfg = Debug|Any CPU
		{DED189CA-7C8F-4585-ADED-FF1C41E3A135}.Debug|Any CPU.Build.0 = Debug|Any CPU
		{DED189CA-7C8F-4585-ADED-FF1C41E3A135}.Release|Any CPU.ActiveCfg = Release|Any CPU
		{DED189CA-7C8F-4585-ADED-FF1C41E3A135}.Release|Any CPU.Build.0 = Release|Any CPU
	EndGlobalSection
	GlobalSection(SolutionProperties) = preSolution
		HideSolutionNode = FALSE
	EndGlobalSection
	GlobalSection(ExtensibilityGlobals) = postSolution
		SolutionGuid = {59E36CB6-8459-4E9F-B3D4-D4A30FE48ACF}
	EndGlobalSection
EndGlobal
